Microsoft Visual Studio Solution File, Format Version 12.00
# Visual Studio Version 17
VisualStudioVersion = 17.0.31913.215
MinimumVisualStudioVersion = 10.0.40219.1
Project("{FAE04EC0-301F-11D3-BF4B-00C04F79EFBC}") = "PawSharp.Core", "src\PawSharp.Core\PawSharp.Core.csproj", "{D7C1D3B2-9F1B-4B8D-9B9B-8D6B4E5F6F3D}"
EndProject
Project("{FAE04EC0-301F-11D3-BF4B-00C04F79EFBC}") = "PawSharp.API", "src\PawSharp.API\PawSharp.API.csproj", "{A1B2C3D4-E5F6-7A8B-9C0D-E1F2A3B4C5D6}"
EndProject
Project("{FAE04EC0-301F-11D3-BF4B-00C04F79EFBC}") = "PawSharp.Gateway", "src\PawSharp.Gateway\PawSharp.Gateway.csproj", "{B2C3D4E5-F6A7-8B9C-0D-E1F2A3B4C5D6}"
EndProject
Project("{FAE04EC0-301F-11D3-BF4B-00C04F79EFBC}") = "PawSharp.Cache", "src\PawSharp.Cache\PawSharp.Cache.csproj", "{C3D4E5F6-A7B8-9C0D-E1F2A3B4C5D6}"
EndProject
Project("{FAE04EC0-301F-11D3-BF4B-00C04F79EFBC}") = "PawSharp.Client", "src\PawSharp.Client\PawSharp.Client.csproj", "{D4E5F6A7-B8C9-0D-E1F2A3B4C5D6}"
EndProject
Project("{FAE04EC0-301F-11D3-BF4B-00C04F79EFBC}") = "PawSharp.Interactions", "src\PawSharp.Interactions\PawSharp.Interactions.csproj", "{E5F6A7B8-C9D0-E1F2-A3B4-C5D6E7F8A9B0}"
EndProject
Project("{FAE04EC0-301F-11D3-BF4B-00C04F79EFBC}") = "PawSharp.Voice", "src\PawSharp.Voice\PawSharp.Voice.csproj", "{F6A7B8C9-D0E1-F2A3-B4C5-D6E7F8A9B0C1}"
EndProject
Project("{FAE04EC0-301F-11D3-BF4B-00C04F79EFBC}") = "PawSharp.Interactivity", "src\PawSharp.Interactivity\PawSharp.Interactivity.csproj", "{A7B8C9D0-E1F2-A3B4-C5D6-E7F8A9B0C1D2}"
EndProject
Project("{FAE04EC0-301F-11D3-BF4B-00C04F79EFBC}") = "PawSharp.Commands", "src\PawSharp.Commands\PawSharp.Commands.csproj", "{B8C9D0E1-F2A3-B4C5-D6E7-F8A9B0C1D2E3}"
EndProject
Project("{FAE04EC0-301F-11D3-BF4B-00C04F79EFBC}") = "PawSharp.Cache.Tests", "tests\PawSharp.Cache.Tests\PawSharp.Cache.Tests.csproj", "{C9D0E1F2-A3B4-C5D6-E7F8-A9B0C1D2E3F4}"
EndProject
Project("{2150E333-8FDC-42A3-9474-1A3956D46DE8}") = "tests", "tests", "{563639E8-B3B9-45C5-9305-B3D861C4A2FB}"
EndProject
Project("{FAE04EC0-301F-11D3-BF4B-00C04F79EFBC}") = "PawSharp.Interactions.Tests", "tests\PawSharp.Interactions.Tests\PawSharp.Interactions.Tests.csproj", "{FD9C0DAD-191F-4BD9-AF7D-9608E0139593}"
EndProject
Project("{FAE04EC0-301F-11D3-BF4B-00C04F79EFBC}") = "PawSharp.Core.Tests", "tests\PawSharp.Core.Tests\PawSharp.Core.Tests.csproj", "{6DD07089-75C8-4CFF-9A1B-13C8A6EA9AC3}"
EndProject
Project("{FAE04EC0-301F-11D3-BF4B-00C04F79EFBC}") = "PawSharp.API.Tests", "tests\PawSharp.API.Tests\PawSharp.API.Tests.csproj", "{4170CB5A-698B-4632-AE7B-715BDC2182EB}"
EndProject
Project("{FAE04EC0-301F-11D3-BF4B-00C04F79EFBC}") = "PawSharp.Gateway.Tests", "tests\PawSharp.Gateway.Tests\PawSharp.Gateway.Tests.csproj", "{61B90BCB-5AC7-464E-957C-2E52B506E113}"
EndProject
Project("{FAE04EC0-301F-11D3-BF4B-00C04F79EFBC}") = "PawSharp.Benchmarks", "tests\PawSharp.Benchmarks\PawSharp.Benchmarks.csproj", "{881C6A5A-DBE8-4B32-9B01-FC908C497083}"
EndProject
Project("{FAE04EC0-301F-11D3-BF4B-00C04F79EFBC}") = "TestingBot", "Testing Bot\TestingBot.csproj", "{7A0C845D-33DF-432F-AF2D-2324E9CD2A11}"
EndProject
Global
	GlobalSection(SolutionConfigurationPlatforms) = preSolution
		Debug|Any CPU = Debug|Any CPU
		Release|Any CPU = Release|Any CPU
	EndGlobalSection
	GlobalSection(ProjectConfigurationPlatforms) = postSolution
		{D7C1D3B2-9F1B-4B8D-9B9B-8D6B4E5F6F3D}.Debug|Any CPU.ActiveCfg = Debug|Any CPU
		{D7C1D3B2-9F1B-4B8D-9B9B-8D6B4E5F6F3D}.Debug|Any CPU.Build.0 = Debug|Any CPU
		{D7C1D3B2-9F1B-4B8D-9B9B-8D6B4E5F6F3D}.Release|Any CPU.ActiveCfg = Release|Any CPU
		{D7C1D3B2-9F1B-4B8D-9B9B-8D6B4E5F6F3D}.Release|Any CPU.Build.0 = Release|Any CPU
		{A1B2C3D4-E5F6-7A8B-9C0D-E1F2A3B4C5D6}.Debug|Any CPU.ActiveCfg = Debug|Any CPU
		{A1B2C3D4-E5F6-7A8B-9C0D-E1F2A3B4C5D6}.Debug|Any CPU.Build.0 = Debug|Any CPU
		{A1B2C3D4-E5F6-7A8B-9C0D-E1F2A3B4C5D6}.Release|Any CPU.ActiveCfg = Release|Any CPU
		{A1B2C3D4-E5F6-7A8B-9C0D-E1F2A3B4C5D6}.Release|Any CPU.Build.0 = Release|Any CPU
		{B2C3D4E5-F6A7-8B9C-0D-E1F2A3B4C5D6}.Debug|Any CPU.ActiveCfg = Debug|Any CPU
		{B2C3D4E5-F6A7-8B9C-0D-E1F2A3B4C5D6}.Debug|Any CPU.Build.0 = Debug|Any CPU
		{B2C3D4E5-F6A7-8B9C-0D-E1F2A3B4C5D6}.Release|Any CPU.ActiveCfg = Release|Any CPU
		{B2C3D4E5-F6A7-8B9C-0D-E1F2A3B4C5D6}.Release|Any CPU.Build.0 = Release|Any CPU
		{C3D4E5F6-A7B8-9C0D-E1F2A3B4C5D6}.Debug|Any CPU.ActiveCfg = Debug|Any CPU
		{C3D4E5F6-A7B8-9C0D-E1F2A3B4C5D6}.Debug|Any CPU.Build.0 = Debug|Any CPU
		{C3D4E5F6-A7B8-9C0D-E1F2A3B4C5D6}.Release|Any CPU.ActiveCfg = Release|Any CPU
		{C3D4E5F6-A7B8-9C0D-E1F2A3B4C5D6}.Release|Any CPU.Build.0 = Release|Any CPU
		{D4E5F6A7-B8C9-0D-E1F2A3B4C5D6}.Debug|Any CPU.ActiveCfg = Debug|Any CPU
		{D4E5F6A7-B8C9-0D-E1F2A3B4C5D6}.Debug|Any CPU.Build.0 = Debug|Any CPU
		{D4E5F6A7-B8C9-0D-E1F2A3B4C5D6}.Release|Any CPU.ActiveCfg = Release|Any CPU
		{D4E5F6A7-B8C9-0D-E1F2A3B4C5D6}.Release|Any CPU.Build.0 = Release|Any CPU
		{E5F6A7B8-C9D0-E1F2-A3B4-C5D6E7F8A9B0}.Debug|Any CPU.ActiveCfg = Debug|Any CPU
		{E5F6A7B8-C9D0-E1F2-A3B4-C5D6E7F8A9B0}.Debug|Any CPU.Build.0 = Debug|Any CPU
		{E5F6A7B8-C9D0-E1F2-A3B4-C5D6E7F8A9B0}.Release|Any CPU.ActiveCfg = Release|Any CPU
		{E5F6A7B8-C9D0-E1F2-A3B4-C5D6E7F8A9B0}.Release|Any CPU.Build.0 = Release|Any CPU
		{F6A7B8C9-D0E1-F2A3-B4C5-D6E7F8A9B0C1}.Debug|Any CPU.ActiveCfg = Debug|Any CPU
		{F6A7B8C9-D0E1-F2A3-B4C5-D6E7F8A9B0C1}.Debug|Any CPU.Build.0 = Debug|Any CPU
		{F6A7B8C9-D0E1-F2A3-B4C5-D6E7F8A9B0C1}.Release|Any CPU.ActiveCfg = Release|Any CPU
		{F6A7B8C9-D0E1-F2A3-B4C5-D6E7F8A9B0C1}.Release|Any CPU.Build.0 = Release|Any CPU
		{A7B8C9D0-E1F2-A3B4-C5D6-E7F8A9B0C1D2}.Debug|Any CPU.ActiveCfg = Debug|Any CPU
		{A7B8C9D0-E1F2-A3B4-C5D6-E7F8A9B0C1D2}.Debug|Any CPU.Build.0 = Debug|Any CPU
		{A7B8C9D0-E1F2-A3B4-C5D6-E7F8A9B0C1D2}.Release|Any CPU.ActiveCfg = Release|Any CPU
		{A7B8C9D0-E1F2-A3B4-C5D6-E7F8A9B0C1D2}.Release|Any CPU.Build.0 = Release|Any CPU
		{B8C9D0E1-F2A3-B4C5-D6E7-F8A9B0C1D2E3}.Debug|Any CPU.ActiveCfg = Debug|Any CPU
		{B8C9D0E1-F2A3-B4C5-D6E7-F8A9B0C1D2E3}.Debug|Any CPU.Build.0 = Debug|Any CPU
		{B8C9D0E1-F2A3-B4C5-D6E7-F8A9B0C1D2E3}.Release|Any CPU.ActiveCfg = Release|Any CPU
		{B8C9D0E1-F2A3-B4C5-D6E7-F8A9B0C1D2E3}.Release|Any CPU.Build.0 = Release|Any CPU
		{C9D0E1F2-A3B4-C5D6-E7F8-A9B0C1D2E3F4}.Debug|Any CPU.ActiveCfg = Debug|Any CPU
		{C9D0E1F2-A3B4-C5D6-E7F8-A9B0C1D2E3F4}.Debug|Any CPU.Build.0 = Debug|Any CPU
		{C9D0E1F2-A3B4-C5D6-E7F8-A9B0C1D2E3F4}.Release|Any CPU.ActiveCfg = Release|Any CPU
		{C9D0E1F2-A3B4-C5D6-E7F8-A9B0C1D2E3F4}.Release|Any CPU.Build.0 = Release|Any CPU
		{FD9C0DAD-191F-4BD9-AF7D-9608E0139593}.Debug|Any CPU.ActiveCfg = Debug|Any CPU
		{FD9C0DAD-191F-4BD9-AF7D-9608E0139593}.Debug|Any CPU.Build.0 = Debug|Any CPU
		{FD9C0DAD-191F-4BD9-AF7D-9608E0139593}.Release|Any CPU.ActiveCfg = Release|Any CPU
		{FD9C0DAD-191F-4BD9-AF7D-9608E0139593}.Release|Any CPU.Build.0 = Release|Any CPU
		{6DD07089-75C8-4CFF-9A1B-13C8A6EA9AC3}.Debug|Any CPU.ActiveCfg = Debug|Any CPU
		{6DD07089-75C8-4CFF-9A1B-13C8A6EA9AC3}.Debug|Any CPU.Build.0 = Debug|Any CPU
		{6DD07089-75C8-4CFF-9A1B-13C8A6EA9AC3}.Release|Any CPU.ActiveCfg = Release|Any CPU
		{6DD07089-75C8-4CFF-9A1B-13C8A6EA9AC3}.Release|Any CPU.Build.0 = Release|Any CPU
		{4170CB5A-698B-4632-AE7B-715BDC2182EB}.Debug|Any CPU.ActiveCfg = Debug|Any CPU
		{4170CB5A-698B-4632-AE7B-715BDC2182EB}.Debug|Any CPU.Build.0 = Debug|Any CPU
		{4170CB5A-698B-4632-AE7B-715BDC2182EB}.Release|Any CPU.ActiveCfg = Release|Any CPU
		{4170CB5A-698B-4632-AE7B-715BDC2182EB}.Release|Any CPU.Build.0 = Release|Any CPU
		{61B90BCB-5AC7-464E-957C-2E52B506E113}.Debug|Any CPU.ActiveCfg = Debug|Any CPU
		{61B90BCB-5AC7-464E-957C-2E52B506E113}.Debug|Any CPU.Build.0 = Debug|Any CPU
		{61B90BCB-5AC7-464E-957C-2E52B506E113}.Release|Any CPU.ActiveCfg = Release|Any CPU
		{61B90BCB-5AC7-464E-957C-2E52B506E113}.Release|Any CPU.Build.0 = Release|Any CPU
		{881C6A5A-DBE8-4B32-9B01-FC908C497083}.Debug|Any CPU.ActiveCfg = Debug|Any CPU
		{881C6A5A-DBE8-4B32-9B01-FC908C497083}.Debug|Any CPU.Build.0 = Debug|Any CPU
		{881C6A5A-DBE8-4B32-9B01-FC908C497083}.Release|Any CPU.ActiveCfg = Release|Any CPU
		{881C6A5A-DBE8-4B32-9B01-FC908C497083}.Release|Any CPU.Build.0 = Release|Any CPU
		{7A0C845D-33DF-432F-AF2D-2324E9CD2A11}.Debug|Any CPU.ActiveCfg = Debug|Any CPU
		{7A0C845D-33DF-432F-AF2D-2324E9CD2A11}.Debug|Any CPU.Build.0 = Debug|Any CPU
		{7A0C845D-33DF-432F-AF2D-2324E9CD2A11}.Release|Any CPU.ActiveCfg = Release|Any CPU
		{7A0C845D-33DF-432F-AF2D-2324E9CD2A11}.Release|Any CPU.Build.0 = Release|Any CPU
	EndGlobalSection
	GlobalSection(NestedProjects) = preSolution
		{FD9C0DAD-191F-4BD9-AF7D-9608E0139593} = {563639E8-B3B9-45C5-9305-B3D861C4A2FB}
		{6DD07089-75C8-4CFF-9A1B-13C8A6EA9AC3} = {563639E8-B3B9-45C5-9305-B3D861C4A2FB}
		{4170CB5A-698B-4632-AE7B-715BDC2182EB} = {563639E8-B3B9-45C5-9305-B3D861C4A2FB}
		{61B90BCB-5AC7-464E-957C-2E52B506E113} = {563639E8-B3B9-45C5-9305-B3D861C4A2FB}
		{881C6A5A-DBE8-4B32-9B01-FC908C497083} = {563639E8-B3B9-45C5-9305-B3D861C4A2FB}
	EndGlobalSection
EndGlobal
